// !$*UTF8*$!
{
	archiveVersion = 1;
	classes = {
	};
	objectVersion = 50;
	objects = {

/* Begin PBXBuildFile section */
		17453B922CF82398004E94F6 /* RMService.swift in Sources */ = {isa = PBXBuildFile; fileRef = 17453B912CF82398004E94F6 /* RMService.swift */; };
		17453B942CF82458004E94F6 /* RMRequest.swift in Sources */ = {isa = PBXBuildFile; fileRef = 17453B932CF82458004E94F6 /* RMRequest.swift */; };
		17453B962CF824AA004E94F6 /* RMEndpoint.swift in Sources */ = {isa = PBXBuildFile; fileRef = 17453B952CF824AA004E94F6 /* RMEndpoint.swift */; };
		17453B982CF86E9E004E94F6 /* RMCharacterStatus.swift in Sources */ = {isa = PBXBuildFile; fileRef = 17453B972CF86E9E004E94F6 /* RMCharacterStatus.swift */; };
		17453B9A2CF86FAB004E94F6 /* RMCharacterGender.swift in Sources */ = {isa = PBXBuildFile; fileRef = 17453B992CF86FAB004E94F6 /* RMCharacterGender.swift */; };
		17453B9C2CF8701F004E94F6 /* RMCharacterOrigin.swift in Sources */ = {isa = PBXBuildFile; fileRef = 17453B9B2CF8701F004E94F6 /* RMCharacterOrigin.swift */; };
		17453B9E2CF8706F004E94F6 /* RMCharacterLocation.swift in Sources */ = {isa = PBXBuildFile; fileRef = 17453B9D2CF8706F004E94F6 /* RMCharacterLocation.swift */; };
		17DA34242CF71515005F10A5 /* AppDelegate.swift in Sources */ = {isa = PBXBuildFile; fileRef = 17DA34232CF71515005F10A5 /* AppDelegate.swift */; };
		17DA34262CF71515005F10A5 /* RMTabViewController.swift in Sources */ = {isa = PBXBuildFile; fileRef = 17DA34252CF71515005F10A5 /* RMTabViewController.swift */; };
		17DA342B2CF71516005F10A5 /* Assets.xcassets in Resources */ = {isa = PBXBuildFile; fileRef = 17DA342A2CF71516005F10A5 /* Assets.xcassets */; };
		17DA342E2CF71516005F10A5 /* LaunchScreen.storyboard in Resources */ = {isa = PBXBuildFile; fileRef = 17DA342C2CF71516005F10A5 /* LaunchScreen.storyboard */; };
		17DA343D2CF721A5005F10A5 /* RMLocation.swift in Sources */ = {isa = PBXBuildFile; fileRef = 17DA343C2CF721A5005F10A5 /* RMLocation.swift */; };
		17DA343F2CF721C7005F10A5 /* RMCharacter.swift in Sources */ = {isa = PBXBuildFile; fileRef = 17DA343E2CF721C7005F10A5 /* RMCharacter.swift */; };
		17DA34412CF721F5005F10A5 /* RMEpisode.swift in Sources */ = {isa = PBXBuildFile; fileRef = 17DA34402CF721F5005F10A5 /* RMEpisode.swift */; };
		17DA34442CF72276005F10A5 /* RMCharacterViewController.swift in Sources */ = {isa = PBXBuildFile; fileRef = 17DA34432CF72276005F10A5 /* RMCharacterViewController.swift */; };
		17DA34462CF72282005F10A5 /* RMLocationViewController.swift in Sources */ = {isa = PBXBuildFile; fileRef = 17DA34452CF72282005F10A5 /* RMLocationViewController.swift */; };
		17DA34482CF72293005F10A5 /* RMEpisodeViewController.swift in Sources */ = {isa = PBXBuildFile; fileRef = 17DA34472CF72293005F10A5 /* RMEpisodeViewController.swift */; };
		17DA344A2CF722A0005F10A5 /* RMSettingViewController.swift in Sources */ = {isa = PBXBuildFile; fileRef = 17DA34492CF722A0005F10A5 /* RMSettingViewController.swift */; };
/* End PBXBuildFile section */

/* Begin PBXFileReference section */
		17453B912CF82398004E94F6 /* RMService.swift */ = {isa = PBXFileReference; lastKnownFileType = sourcecode.swift; path = RMService.swift; sourceTree = "<group>"; };
		17453B932CF82458004E94F6 /* RMRequest.swift */ = {isa = PBXFileReference; lastKnownFileType = sourcecode.swift; path = RMRequest.swift; sourceTree = "<group>"; };
		17453B952CF824AA004E94F6 /* RMEndpoint.swift */ = {isa = PBXFileReference; lastKnownFileType = sourcecode.swift; path = RMEndpoint.swift; sourceTree = "<group>"; };
		17453B972CF86E9E004E94F6 /* RMCharacterStatus.swift */ = {isa = PBXFileReference; lastKnownFileType = sourcecode.swift; path = RMCharacterStatus.swift; sourceTree = "<group>"; };
		17453B992CF86FAB004E94F6 /* RMCharacterGender.swift */ = {isa = PBXFileReference; lastKnownFileType = sourcecode.swift; path = RMCharacterGender.swift; sourceTree = "<group>"; };
		17453B9B2CF8701F004E94F6 /* RMCharacterOrigin.swift */ = {isa = PBXFileReference; lastKnownFileType = sourcecode.swift; path = RMCharacterOrigin.swift; sourceTree = "<group>"; };
		17453B9D2CF8706F004E94F6 /* RMCharacterLocation.swift */ = {isa = PBXFileReference; lastKnownFileType = sourcecode.swift; path = RMCharacterLocation.swift; sourceTree = "<group>"; };
		17DA34202CF71515005F10A5 /* RickAndMorty.app */ = {isa = PBXFileReference; explicitFileType = wrapper.application; includeInIndex = 0; path = RickAndMorty.app; sourceTree = BUILT_PRODUCTS_DIR; };
		17DA34232CF71515005F10A5 /* AppDelegate.swift */ = {isa = PBXFileReference; lastKnownFileType = sourcecode.swift; path = AppDelegate.swift; sourceTree = "<group>"; };
		17DA34252CF71515005F10A5 /* RMTabViewController.swift */ = {isa = PBXFileReference; lastKnownFileType = sourcecode.swift; path = RMTabViewController.swift; sourceTree = "<group>"; };
		17DA342A2CF71516005F10A5 /* Assets.xcassets */ = {isa = PBXFileReference; lastKnownFileType = folder.assetcatalog; path = Assets.xcassets; sourceTree = "<group>"; };
		17DA342D2CF71516005F10A5 /* Base */ = {isa = PBXFileReference; lastKnownFileType = file.storyboard; name = Base; path = Base.lproj/LaunchScreen.storyboard; sourceTree = "<group>"; };
		17DA342F2CF71517005F10A5 /* Info.plist */ = {isa = PBXFileReference; lastKnownFileType = text.plist.xml; path = Info.plist; sourceTree = "<group>"; };
		17DA343C2CF721A5005F10A5 /* RMLocation.swift */ = {isa = PBXFileReference; lastKnownFileType = sourcecode.swift; path = RMLocation.swift; sourceTree = "<group>"; };
		17DA343E2CF721C7005F10A5 /* RMCharacter.swift */ = {isa = PBXFileReference; lastKnownFileType = sourcecode.swift; path = RMCharacter.swift; sourceTree = "<group>"; };
		17DA34402CF721F5005F10A5 /* RMEpisode.swift */ = {isa = PBXFileReference; lastKnownFileType = sourcecode.swift; path = RMEpisode.swift; sourceTree = "<group>"; };
		17DA34432CF72276005F10A5 /* RMCharacterViewController.swift */ = {isa = PBXFileReference; lastKnownFileType = sourcecode.swift; path = RMCharacterViewController.swift; sourceTree = "<group>"; };
		17DA34452CF72282005F10A5 /* RMLocationViewController.swift */ = {isa = PBXFileReference; lastKnownFileType = sourcecode.swift; path = RMLocationViewController.swift; sourceTree = "<group>"; };
		17DA34472CF72293005F10A5 /* RMEpisodeViewController.swift */ = {isa = PBXFileReference; lastKnownFileType = sourcecode.swift; path = RMEpisodeViewController.swift; sourceTree = "<group>"; };
		17DA34492CF722A0005F10A5 /* RMSettingViewController.swift */ = {isa = PBXFileReference; lastKnownFileType = sourcecode.swift; path = RMSettingViewController.swift; sourceTree = "<group>"; };
/* End PBXFileReference section */

/* Begin PBXFrameworksBuildPhase section */
		17DA341D2CF71515005F10A5 /* Frameworks */ = {
			isa = PBXFrameworksBuildPhase;
			buildActionMask = 2147483647;
			files = (
			);
			runOnlyForDeploymentPostprocessing = 0;
		};
/* End PBXFrameworksBuildPhase section */

/* Begin PBXGroup section */
		17453B9F2CF87099004E94F6 /* CharacterModel */ = {
			isa = PBXGroup;
			children = (
				17DA343E2CF721C7005F10A5 /* RMCharacter.swift */,
				17453B972CF86E9E004E94F6 /* RMCharacterStatus.swift */,
				17453B992CF86FAB004E94F6 /* RMCharacterGender.swift */,
				17453B9B2CF8701F004E94F6 /* RMCharacterOrigin.swift */,
				17453B9D2CF8706F004E94F6 /* RMCharacterLocation.swift */,
			);
			path = CharacterModel;
			sourceTree = "<group>";
		};
		17DA34172CF71515005F10A5 = {
			isa = PBXGroup;
			children = (
				17DA34222CF71515005F10A5 /* RickAndMorty */,
				17DA34212CF71515005F10A5 /* Products */,
			);
			sourceTree = "<group>";
		};
		17DA34212CF71515005F10A5 /* Products */ = {
			isa = PBXGroup;
			children = (
				17DA34202CF71515005F10A5 /* RickAndMorty.app */,
			);
			name = Products;
			sourceTree = "<group>";
		};
		17DA34222CF71515005F10A5 /* RickAndMorty */ = {
			isa = PBXGroup;
			children = (
				17DA343B2CF7213C005F10A5 /* Resouces */,
				17DA343A2CF72128005F10A5 /* APIClient */,
				17DA34392CF72123005F10A5 /* Managers */,
				17DA34382CF72110005F10A5 /* ViewModels */,
				17DA34372CF720F2005F10A5 /* Views */,
				17DA34362CF720EB005F10A5 /* Models */,
				17DA34352CF72057005F10A5 /* Controllers */,
				17DA342F2CF71517005F10A5 /* Info.plist */,
			);
			path = RickAndMorty;
			sourceTree = "<group>";
		};
		17DA34352CF72057005F10A5 /* Controllers */ = {
			isa = PBXGroup;
			children = (
				17DA34422CF72255005F10A5 /* Core */,
			);
			path = Controllers;
			sourceTree = "<group>";
		};
		17DA34362CF720EB005F10A5 /* Models */ = {
			isa = PBXGroup;
			children = (
				17453B9F2CF87099004E94F6 /* CharacterModel */,
				17DA343C2CF721A5005F10A5 /* RMLocation.swift */,
				17DA34402CF721F5005F10A5 /* RMEpisode.swift */,
			);
			path = Models;
			sourceTree = "<group>";
		};
		17DA34372CF720F2005F10A5 /* Views */ = {
			isa = PBXGroup;
			children = (
			);
			name = Views;
			path = "New Group";
			sourceTree = "<group>";
		};
		17DA34382CF72110005F10A5 /* ViewModels */ = {
			isa = PBXGroup;
			children = (
			);
			path = ViewModels;
			sourceTree = "<group>";
		};
		17DA34392CF72123005F10A5 /* Managers */ = {
			isa = PBXGroup;
			children = (
			);
			path = Managers;
			sourceTree = "<group>";
		};
		17DA343A2CF72128005F10A5 /* APIClient */ = {
			isa = PBXGroup;
			children = (
				17453B912CF82398004E94F6 /* RMService.swift */,
				17453B932CF82458004E94F6 /* RMRequest.swift */,
				17453B952CF824AA004E94F6 /* RMEndpoint.swift */,
			);
			path = APIClient;
			sourceTree = "<group>";
		};
		17DA343B2CF7213C005F10A5 /* Resouces */ = {
			isa = PBXGroup;
			children = (
				17DA34232CF71515005F10A5 /* AppDelegate.swift */,
				17DA342A2CF71516005F10A5 /* Assets.xcassets */,
				17DA342C2CF71516005F10A5 /* LaunchScreen.storyboard */,
			);
			path = Resouces;
			sourceTree = "<group>";
		};
		17DA34422CF72255005F10A5 /* Core */ = {
			isa = PBXGroup;
			children = (
				17DA34252CF71515005F10A5 /* RMTabViewController.swift */,
				17DA34432CF72276005F10A5 /* RMCharacterViewController.swift */,
				17DA34452CF72282005F10A5 /* RMLocationViewController.swift */,
				17DA34472CF72293005F10A5 /* RMEpisodeViewController.swift */,
				17DA34492CF722A0005F10A5 /* RMSettingViewController.swift */,
			);
			path = Core;
			sourceTree = "<group>";
		};
/* End PBXGroup section */

/* Begin PBXNativeTarget section */
		17DA341F2CF71515005F10A5 /* RickAndMorty */ = {
			isa = PBXNativeTarget;
			buildConfigurationList = 17DA34322CF71517005F10A5 /* Build configuration list for PBXNativeTarget "RickAndMorty" */;
			buildPhases = (
				17DA341C2CF71515005F10A5 /* Sources */,
				17DA341D2CF71515005F10A5 /* Frameworks */,
				17DA341E2CF71515005F10A5 /* Resources */,
			);
			buildRules = (
			);
			dependencies = (
			);
			name = RickAndMorty;
			productName = RickAndMorty;
			productReference = 17DA34202CF71515005F10A5 /* RickAndMorty.app */;
			productType = "com.apple.product-type.application";
		};
/* End PBXNativeTarget section */

/* Begin PBXProject section */
		17DA34182CF71515005F10A5 /* Project object */ = {
			isa = PBXProject;
			attributes = {
				LastSwiftUpdateCheck = 0940;
				LastUpgradeCheck = 0940;
				ORGANIZATIONNAME = "IC DEV";
				TargetAttributes = {
					17DA341F2CF71515005F10A5 = {
						CreatedOnToolsVersion = 9.4.1;
					};
				};
			};
			buildConfigurationList = 17DA341B2CF71515005F10A5 /* Build configuration list for PBXProject "RickAndMorty" */;
			compatibilityVersion = "Xcode 9.3";
			developmentRegion = en;
			hasScannedForEncodings = 0;
			knownRegions = (
				en,
				Base,
			);
			mainGroup = 17DA34172CF71515005F10A5;
			productRefGroup = 17DA34212CF71515005F10A5 /* Products */;
			projectDirPath = "";
			projectRoot = "";
			targets = (
				17DA341F2CF71515005F10A5 /* RickAndMorty */,
			);
		};
/* End PBXProject section */

/* Begin PBXResourcesBuildPhase section */
		17DA341E2CF71515005F10A5 /* Resources */ = {
			isa = PBXResourcesBuildPhase;
			buildActionMask = 2147483647;
			files = (
				17DA342E2CF71516005F10A5 /* LaunchScreen.storyboard in Resources */,
				17DA342B2CF71516005F10A5 /* Assets.xcassets in Resources */,
			);
			runOnlyForDeploymentPostprocessing = 0;
		};
/* End PBXResourcesBuildPhase section */

/* Begin PBXSourcesBuildPhase section */
		17DA341C2CF71515005F10A5 /* Sources */ = {
			isa = PBXSourcesBuildPhase;
			buildActionMask = 2147483647;
			files = (
				17453B922CF82398004E94F6 /* RMService.swift in Sources */,
				17453B9C2CF8701F004E94F6 /* RMCharacterOrigin.swift in Sources */,
				17DA343F2CF721C7005F10A5 /* RMCharacter.swift in Sources */,
				17DA34442CF72276005F10A5 /* RMCharacterViewController.swift in Sources */,
				17453B9A2CF86FAB004E94F6 /* RMCharacterGender.swift in Sources */,
				17453B962CF824AA004E94F6 /* RMEndpoint.swift in Sources */,
				17DA34462CF72282005F10A5 /* RMLocationViewController.swift in Sources */,
				17DA34262CF71515005F10A5 /* RMTabViewController.swift in Sources */,
				17DA34412CF721F5005F10A5 /* RMEpisode.swift in Sources */,
				17453B9E2CF8706F004E94F6 /* RMCharacterLocation.swift in Sources */,
				17DA344A2CF722A0005F10A5 /* RMSettingViewController.swift in Sources */,
				17453B982CF86E9E004E94F6 /* RMCharacterStatus.swift in Sources */,
				17DA343D2CF721A5005F10A5 /* RMLocation.swift in Sources */,
				17DA34242CF71515005F10A5 /* AppDelegate.swift in Sources */,
				17453B942CF82458004E94F6 /* RMRequest.swift in Sources */,
				17DA34482CF72293005F10A5 /* RMEpisodeViewController.swift in Sources */,
			);
			runOnlyForDeploymentPostprocessing = 0;
		};
/* End PBXSourcesBuildPhase section */

/* Begin PBXVariantGroup section */
		17DA342C2CF71516005F10A5 /* LaunchScreen.storyboard */ = {
			isa = PBXVariantGroup;
			children = (
				17DA342D2CF71516005F10A5 /* Base */,
			);
			name = LaunchScreen.storyboard;
			sourceTree = "<group>";
		};
/* End PBXVariantGroup section */

/* Begin XCBuildConfiguration section */
		17DA34302CF71517005F10A5 /* Debug */ = {
			isa = XCBuildConfiguration;
			buildSettings = {
				ALWAYS_SEARCH_USER_PATHS = NO;
				CLANG_ANALYZER_NONNULL = YES;
				CLANG_ANALYZER_NUMBER_OBJECT_CONVERSION = YES_AGGRESSIVE;
				CLANG_CXX_LANGUAGE_STANDARD = "gnu++14";
				CLANG_CXX_LIBRARY = "libc++";
				CLANG_ENABLE_MODULES = YES;
				CLANG_ENABLE_OBJC_ARC = YES;
				CLANG_ENABLE_OBJC_WEAK = YES;
				CLANG_WARN_BLOCK_CAPTURE_AUTORELEASING = YES;
				CLANG_WARN_BOOL_CONVERSION = YES;
				CLANG_WARN_COMMA = YES;
				CLANG_WARN_CONSTANT_CONVERSION = YES;
				CLANG_WARN_DEPRECATED_OBJC_IMPLEMENTATIONS = YES;
				CLANG_WARN_DIRECT_OBJC_ISA_USAGE = YES_ERROR;
				CLANG_WARN_DOCUMENTATION_COMMENTS = YES;
				CLANG_WARN_EMPTY_BODY = YES;
				CLANG_WARN_ENUM_CONVERSION = YES;
				CLANG_WARN_INFINITE_RECURSION = YES;
				CLANG_WARN_INT_CONVERSION = YES;
				CLANG_WARN_NON_LITERAL_NULL_CONVERSION = YES;
				CLANG_WARN_OBJC_IMPLICIT_RETAIN_SELF = YES;
				CLANG_WARN_OBJC_LITERAL_CONVERSION = YES;
				CLANG_WARN_OBJC_ROOT_CLASS = YES_ERROR;
				CLANG_WARN_RANGE_LOOP_ANALYSIS = YES;
				CLANG_WARN_STRICT_PROTOTYPES = YES;
				CLANG_WARN_SUSPICIOUS_MOVE = YES;
				CLANG_WARN_UNGUARDED_AVAILABILITY = YES_AGGRESSIVE;
				CLANG_WARN_UNREACHABLE_CODE = YES;
				CLANG_WARN__DUPLICATE_METHOD_MATCH = YES;
				CODE_SIGN_IDENTITY = "iPhone Developer";
				COPY_PHASE_STRIP = NO;
				DEBUG_INFORMATION_FORMAT = dwarf;
				ENABLE_STRICT_OBJC_MSGSEND = YES;
				ENABLE_TESTABILITY = YES;
				GCC_C_LANGUAGE_STANDARD = gnu11;
				GCC_DYNAMIC_NO_PIC = NO;
				GCC_NO_COMMON_BLOCKS = YES;
				GCC_OPTIMIZATION_LEVEL = 0;
				GCC_PREPROCESSOR_DEFINITIONS = (
					"DEBUG=1",
					"$(inherited)",
				);
				GCC_WARN_64_TO_32_BIT_CONVERSION = YES;
				GCC_WARN_ABOUT_RETURN_TYPE = YES_ERROR;
				GCC_WARN_UNDECLARED_SELECTOR = YES;
				GCC_WARN_UNINITIALIZED_AUTOS = YES_AGGRESSIVE;
				GCC_WARN_UNUSED_FUNCTION = YES;
				GCC_WARN_UNUSED_VARIABLE = YES;
				IPHONEOS_DEPLOYMENT_TARGET = 11.4;
				MTL_ENABLE_DEBUG_INFO = YES;
				ONLY_ACTIVE_ARCH = YES;
				SDKROOT = iphoneos;
				SWIFT_ACTIVE_COMPILATION_CONDITIONS = DEBUG;
				SWIFT_OPTIMIZATION_LEVEL = "-Onone";
			};
			name = Debug;
		};
		17DA34312CF71517005F10A5 /* Release */ = {
			isa = XCBuildConfiguration;
			buildSettings = {
				ALWAYS_SEARCH_USER_PATHS = NO;
				CLANG_ANALYZER_NONNULL = YES;
				CLANG_ANALYZER_NUMBER_OBJECT_CONVERSION = YES_AGGRESSIVE;
				CLANG_CXX_LANGUAGE_STANDARD = "gnu++14";
				CLANG_CXX_LIBRARY = "libc++";
				CLANG_ENABLE_MODULES = YES;
				CLANG_ENABLE_OBJC_ARC = YES;
				CLANG_ENABLE_OBJC_WEAK = YES;
				CLANG_WARN_BLOCK_CAPTURE_AUTORELEASING = YES;
				CLANG_WARN_BOOL_CONVERSION = YES;
				CLANG_WARN_COMMA = YES;
				CLANG_WARN_CONSTANT_CONVERSION = YES;
				CLANG_WARN_DEPRECATED_OBJC_IMPLEMENTATIONS = YES;
				CLANG_WARN_DIRECT_OBJC_ISA_USAGE = YES_ERROR;
				CLANG_WARN_DOCUMENTATION_COMMENTS = YES;
				CLANG_WARN_EMPTY_BODY = YES;
				CLANG_WARN_ENUM_CONVERSION = YES;
				CLANG_WARN_INFINITE_RECURSION = YES;
				CLANG_WARN_INT_CONVERSION = YES;
				CLANG_WARN_NON_LITERAL_NULL_CONVERSION = YES;
				CLANG_WARN_OBJC_IMPLICIT_RETAIN_SELF = YES;
				CLANG_WARN_OBJC_LITERAL_CONVERSION = YES;
				CLANG_WARN_OBJC_ROOT_CLASS = YES_ERROR;
				CLANG_WARN_RANGE_LOOP_ANALYSIS = YES;
				CLANG_WARN_STRICT_PROTOTYPES = YES;
				CLANG_WARN_SUSPICIOUS_MOVE = YES;
				CLANG_WARN_UNGUARDED_AVAILABILITY = YES_AGGRESSIVE;
				CLANG_WARN_UNREACHABLE_CODE = YES;
				CLANG_WARN__DUPLICATE_METHOD_MATCH = YES;
				CODE_SIGN_IDENTITY = "iPhone Developer";
				COPY_PHASE_STRIP = NO;
				DEBUG_INFORMATION_FORMAT = "dwarf-with-dsym";
				ENABLE_NS_ASSERTIONS = NO;
				ENABLE_STRICT_OBJC_MSGSEND = YES;
				GCC_C_LANGUAGE_STANDARD = gnu11;
				GCC_NO_COMMON_BLOCKS = YES;
				GCC_WARN_64_TO_32_BIT_CONVERSION = YES;
				GCC_WARN_ABOUT_RETURN_TYPE = YES_ERROR;
				GCC_WARN_UNDECLARED_SELECTOR = YES;
				GCC_WARN_UNINITIALIZED_AUTOS = YES_AGGRESSIVE;
				GCC_WARN_UNUSED_FUNCTION = YES;
				GCC_WARN_UNUSED_VARIABLE = YES;
				IPHONEOS_DEPLOYMENT_TARGET = 11.4;
				MTL_ENABLE_DEBUG_INFO = NO;
				SDKROOT = iphoneos;
				SWIFT_COMPILATION_MODE = wholemodule;
				SWIFT_OPTIMIZATION_LEVEL = "-O";
				VALIDATE_PRODUCT = YES;
			};
			name = Release;
		};
		17DA34332CF71517005F10A5 /* Debug */ = {
			isa = XCBuildConfiguration;
			buildSettings = {
				ASSETCATALOG_COMPILER_APPICON_NAME = AppIcon;
				CODE_SIGN_STYLE = Automatic;
				INFOPLIST_FILE = RickAndMorty/Info.plist;
				LD_RUNPATH_SEARCH_PATHS = (
					"$(inherited)",
					"@executable_path/Frameworks",
				);
				PRODUCT_BUNDLE_IDENTIFIER = ICDev.RickAndMorty;
				PRODUCT_NAME = "$(TARGET_NAME)";
				SWIFT_VERSION = 4.0;
				TARGETED_DEVICE_FAMILY = "1,2";
			};
			name = Debug;
		};
		17DA34342CF71517005F10A5 /* Release */ = {
			isa = XCBuildConfiguration;
			buildSettings = {
				ASSETCATALOG_COMPILER_APPICON_NAME = AppIcon;
				CODE_SIGN_STYLE = Automatic;
				INFOPLIST_FILE = RickAndMorty/Info.plist;
				LD_RUNPATH_SEARCH_PATHS = (
					"$(inherited)",
					"@executable_path/Frameworks",
				);
				PRODUCT_BUNDLE_IDENTIFIER = ICDev.RickAndMorty;
				PRODUCT_NAME = "$(TARGET_NAME)";
				SWIFT_VERSION = 4.0;
				TARGETED_DEVICE_FAMILY = "1,2";
			};
			name = Release;
		};
/* End XCBuildConfiguration section */

/* Begin XCConfigurationList section */
		17DA341B2CF71515005F10A5 /* Build configuration list for PBXProject "RickAndMorty" */ = {
			isa = XCConfigurationList;
			buildConfigurations = (
				17DA34302CF71517005F10A5 /* Debug */,
				17DA34312CF71517005F10A5 /* Release */,
			);
			defaultConfigurationIsVisible = 0;
			defaultConfigurationName = Release;
		};
		17DA34322CF71517005F10A5 /* Build configuration list for PBXNativeTarget "RickAndMorty" */ = {
			isa = XCConfigurationList;
			buildConfigurations = (
				17DA34332CF71517005F10A5 /* Debug */,
				17DA34342CF71517005F10A5 /* Release */,
			);
			defaultConfigurationIsVisible = 0;
			defaultConfigurationName = Release;
		};
/* End XCConfigurationList section */
	};
	rootObject = 17DA34182CF71515005F10A5 /* Project object */;
}
